
Microsoft Visual Studio Solution File, Format Version 12.00
# Visual Studio Version 17
VisualStudioVersion = 17.10.35122.118
MinimumVisualStudioVersion = 10.0.40219.1
Project("{FAE04EC0-301F-11D3-BF4B-00C04F79EFBC}") = "GameZone", "GameZone\GameZone.csproj", "{C36BD71B-199E-49D0-9516-464D98101B98}"
EndProject
Global
	GlobalSection(SolutionConfigurationPlatforms) = preSolution
		Debug|Any CPU = Debug|Any CPU
		Release|Any CPU = Release|Any CPU
	EndGlobalSection
	GlobalSection(ProjectConfigurationPlatforms) = postSolution
		{C36BD71B-199E-49D0-9516-464D98101B98}.Debug|Any CPU.ActiveCfg = Debug|Any CPU
		{C36BD71B-199E-49D0-9516-464D98101B98}.Debug|Any CPU.Build.0 = Debug|Any CPU
		{C36BD71B-199E-49D0-9516-464D98101B98}.Release|Any CPU.ActiveCfg = Release|Any CPU
		{C36BD71B-199E-49D0-9516-464D98101B98}.Release|Any CPU.Build.0 = Release|Any CPU
	EndGlobalSection
	GlobalSection(SolutionProperties) = preSolution
		HideSolutionNode = FALSE
	EndGlobalSection
	GlobalSection(ExtensibilityGlobals) = postSolution
		SolutionGuid = {C2F9BD4D-5D54-4973-84B7-C680EC770DE8}
	EndGlobalSection
EndGlobal
